
Microsoft Visual Studio Solution File, Format Version 12.00
# Visual Studio 15
VisualStudioVersion = 15.0.28010.2048
MinimumVisualStudioVersion = 10.0.40219.1
Project("{FAE04EC0-301F-11D3-BF4B-00C04F79EFBC}") = "ProjetSalle", "ProjetSalle\ProjetSalle.csproj", "{1AC4DFE2-02A4-4032-96DA-E00BB78FC666}"
EndProject
Global
	GlobalSection(SolutionConfigurationPlatforms) = preSolution
		Debug|Any CPU = Debug|Any CPU
		Release|Any CPU = Release|Any CPU
	EndGlobalSection
	GlobalSection(ProjectConfigurationPlatforms) = postSolution
		{1AC4DFE2-02A4-4032-96DA-E00BB78FC666}.Debug|Any CPU.ActiveCfg = Debug|Any CPU
		{1AC4DFE2-02A4-4032-96DA-E00BB78FC666}.Debug|Any CPU.Build.0 = Debug|Any CPU
		{1AC4DFE2-02A4-4032-96DA-E00BB78FC666}.Release|Any CPU.ActiveCfg = Release|Any CPU
		{1AC4DFE2-02A4-4032-96DA-E00BB78FC666}.Release|Any CPU.Build.0 = Release|Any CPU
	EndGlobalSection
	GlobalSection(SolutionProperties) = preSolution
		HideSolutionNode = FALSE
	EndGlobalSection
	GlobalSection(ExtensibilityGlobals) = postSolution
		SolutionGuid = {E1E00C32-5787-4BAE-A3FB-078D1F691726}
	EndGlobalSection
EndGlobal
