
Microsoft Visual Studio Solution File, Format Version 12.00
# Visual Studio 15
VisualStudioVersion = 15.0.28307.136
MinimumVisualStudioVersion = 10.0.40219.1
Project("{FAE04EC0-301F-11D3-BF4B-00C04F79EFBC}") = "Projet2", "Projet2\Projet2.csproj", "{29FBA6F1-2D98-481B-BD6A-5E3E92B45295}"
EndProject
Global
	GlobalSection(SolutionConfigurationPlatforms) = preSolution
		Debug|Any CPU = Debug|Any CPU
		Release|Any CPU = Release|Any CPU
	EndGlobalSection
	GlobalSection(ProjectConfigurationPlatforms) = postSolution
		{29FBA6F1-2D98-481B-BD6A-5E3E92B45295}.Debug|Any CPU.ActiveCfg = Debug|Any CPU
		{29FBA6F1-2D98-481B-BD6A-5E3E92B45295}.Debug|Any CPU.Build.0 = Debug|Any CPU
		{29FBA6F1-2D98-481B-BD6A-5E3E92B45295}.Release|Any CPU.ActiveCfg = Release|Any CPU
		{29FBA6F1-2D98-481B-BD6A-5E3E92B45295}.Release|Any CPU.Build.0 = Release|Any CPU
	EndGlobalSection
	GlobalSection(SolutionProperties) = preSolution
		HideSolutionNode = FALSE
	EndGlobalSection
	GlobalSection(ExtensibilityGlobals) = postSolution
		SolutionGuid = {B94A2D2F-1005-4C46-8540-E2AD8480EE15}
	EndGlobalSection
EndGlobal
